
Microsoft Visual Studio Solution File, Format Version 12.00
# Visual Studio Version 16
VisualStudioVersion = 16.0.29613.14
MinimumVisualStudioVersion = 10.0.40219.1
Project("{FAE04EC0-301F-11D3-BF4B-00C04F79EFBC}") = "StackTool", "StackTool\StackTool.csproj", "{8CDFBBE3-9A54-48A7-9ECB-049A9C72046E}"
EndProject
Global
	GlobalSection(SolutionConfigurationPlatforms) = preSolution
		Debug|Any CPU = Debug|Any CPU
		Release|Any CPU = Release|Any CPU
	EndGlobalSection
	GlobalSection(ProjectConfigurationPlatforms) = postSolution
		{8CDFBBE3-9A54-48A7-9ECB-049A9C72046E}.Debug|Any CPU.ActiveCfg = Debug|Any CPU
		{8CDFBBE3-9A54-48A7-9ECB-049A9C72046E}.Debug|Any CPU.Build.0 = Debug|Any CPU
		{8CDFBBE3-9A54-48A7-9ECB-049A9C72046E}.Release|Any CPU.ActiveCfg = Release|Any CPU
		{8CDFBBE3-9A54-48A7-9ECB-049A9C72046E}.Release|Any CPU.Build.0 = Release|Any CPU
	EndGlobalSection
	GlobalSection(SolutionProperties) = preSolution
		HideSolutionNode = FALSE
	EndGlobalSection
	GlobalSection(ExtensibilityGlobals) = postSolution
		SolutionGuid = {DE630EC0-BD80-419F-92E7-02A471C1764C}
	EndGlobalSection
EndGlobal
